GEM
  remote: https://rubygems.org/
  specs:
    concurrent-ruby (1.1.6)
    discordrb (3.3.0)
      discordrb-webhooks (~> 3.3.0)
      ffi (>= 1.9.24)
      opus-ruby
      rbnacl (~> 3.4.0)
      rest-client (>= 2.1.0.rc1)
      websocket-client-simple (>= 0.3.0)
    discordrb-webhooks (3.3.0)
      rest-client (>= 2.1.0.rc1)
    domain_name (0.5.20190701)
      unf (>= 0.0.5, < 1.0.0)
    dotenv (2.7.5)
    dry-configurable (0.11.5)
      concurrent-ruby (~> 1.0)
      dry-core (~> 0.4, >= 0.4.7)
      dry-equalizer (~> 0.2)
    dry-container (0.7.2)
      concurrent-ruby (~> 1.0)
      dry-configurable (~> 0.1, >= 0.1.3)
    dry-core (0.4.9)
      concurrent-ruby (~> 1.0)
    dry-equalizer (0.3.0)
    dry-inflector (0.2.0)
    dry-initializer (3.0.3)
    dry-logic (1.0.6)
      concurrent-ruby (~> 1.0)
      dry-core (~> 0.2)
      dry-equalizer (~> 0.2)
    dry-struct (1.3.0)
      dry-core (~> 0.4, >= 0.4.4)
      dry-equalizer (~> 0.3)
      dry-types (~> 1.3)
      ice_nine (~> 0.11)
    dry-types (1.4.0)
      concurrent-ruby (~> 1.0)
      dry-container (~> 0.3)
      dry-core (~> 0.4, >= 0.4.4)
      dry-equalizer (~> 0.3)
      dry-inflector (~> 0.1, >= 0.1.2)
      dry-logic (~> 1.0, >= 1.0.2)
    event_emitter (0.2.6)
    ffi (1.13.0)
    http-accept (1.7.0)
    http-cookie (1.0.3)
      domain_name (~> 0.5)
    ice_nine (0.11.2)
    mime-types (3.3.1)
      mime-types-data (~> 3.2015)
    mime-types-data (3.2020.0512)
    netrc (0.11.0)
    opus-ruby (1.0.1)
      ffi
    pg (1.2.3)
    rake (13.0.1)
    rbnacl (3.4.0)
      ffi
    rest-client (2.1.0)
      http-accept (>= 1.7.0, < 2.0)
      http-cookie (>= 1.0.2, < 2.0)
      mime-types (>= 1.16, < 4.0)
      netrc (~> 0.8)
    rom (5.2.4)
      rom-changeset (~> 5.2, >= 5.2.3)
      rom-core (~> 5.2, >= 5.2.3)
      rom-repository (~> 5.2, >= 5.2.2)
    rom-changeset (5.2.3)
      dry-core (~> 0.4)
      rom-core (~> 5.2)
      transproc (~> 1.0, >= 1.1.0)
    rom-core (5.2.3)
      concurrent-ruby (~> 1.1)
      dry-container (~> 0.7)
      dry-core (~> 0.4)
      dry-equalizer (~> 0.2)
      dry-inflector (~> 0.1)
      dry-initializer (~> 3.0, >= 3.0.1)
      dry-struct (~> 1.0)
      dry-types (~> 1.0)
      transproc (~> 1.0, >= 1.1.0)
    rom-repository (5.2.2)
      dry-core (~> 0.4)
      dry-initializer (~> 3.0, >= 3.0.1)
      rom-core (~> 5.2, >= 5.2.2)
    rom-sql (3.2.0)
      dry-core (~> 0.4)
      dry-equalizer (~> 0.2)
      dry-types (~> 1.0)
      rom-core (~> 5.2, >= 5.2.1)
      sequel (>= 4.49)
    sequel (5.33.0)
    sequel_pg (1.13.0)
      pg (>= 0.18.0, != 1.2.0)
      sequel (>= 4.38.0)
    transproc (1.1.1)
    unf (0.1.4)
      unf_ext
    unf_ext (0.0.7.7)
    websocket (1.2.8)
    websocket-client-simple (0.3.0)
      event_emitter
      websocket

PLATFORMS
  ruby

DEPENDENCIES
  discordrb
  dotenv
  pg
  rake
  rom
  rom-sql
  sequel_pg

RUBY VERSION
   ruby 2.6.6p146

BUNDLED WITH
   2.1.4
